# This file is automatically @generated by Cargo.
# It is not intended for manual editing.
version = 4

[[package]]
name = "cli"
version = "0.1.0"

[[package]]
name = "event-core"
version = "0.1.0"

[[package]]
name = "gramps-dates"
version = "0.1.0"

[[package]]
name = "gramps-xml"
version = "0.1.0"

[[package]]
name = "web"
version = "0.1.0"

[[package]]
name = "writers"
version = "0.1.0"
